# This file was autogenerated by Stack.
# You should not edit this file by hand.
# For more information, please see the documentation at:
#   https://docs.haskellstack.org/en/stable/lock_files

packages:
- completed:
    hackage: scotty-0.12.1@sha256:15c06ece267187c4324645e54f2104a63fe3eb8ce6eb5698e4093735daba1f1a,5437
    pantry-tree:
      sha256: 3041974be2f367b74a696a2a5ea19948f9c5a7ca68e4e92092aceaf1de50fd9b
      size: 1701
  original:
    hackage: scotty-0.12.1
- completed:
    hackage: blaze-html-0.9.1.2@sha256:2e40ad3828320b72122f09754091fb686fa0fd4c083769f17ef84584972ec450,3020
    pantry-tree:
      sha256: ab0c6aad7511b73a15fa67c21d8b2e7c2028b9ab13cb5d69e7c08f2d4e375e9e
      size: 2227
  original:
    hackage: blaze-html-0.9.1.2
snapshots:
- completed:
    sha256: a81fb3877c4f9031e1325eb3935122e608d80715dc16b586eb11ddbff8671ecd
    size: 640086
    url: https://raw.githubusercontent.com/commercialhaskell/stackage-snapshots/master/lts/21/25.yaml
  original: lts-21.25
